// !$*UTF8*$!
{
	archiveVersion = 1;
	classes = {
	};
	objectVersion = 56;
	objects = {

/* Begin PBXBuildFile section */
		374DF441297C06DF00C3FD5C /* AppDelegate.swift in Sources */ = {isa = PBXBuildFile; fileRef = 374DF440297C06DF00C3FD5C /* AppDelegate.swift */; };
		374DF443297C06DF00C3FD5C /* SceneDelegate.swift in Sources */ = {isa = PBXBuildFile; fileRef = 374DF442297C06DF00C3FD5C /* SceneDelegate.swift */; };
		374DF445297C06DF00C3FD5C /* ViewController.swift in Sources */ = {isa = PBXBuildFile; fileRef = 374DF444297C06DF00C3FD5C /* ViewController.swift */; };
		374DF44A297C06E000C3FD5C /* Assets.xcassets in Resources */ = {isa = PBXBuildFile; fileRef = 374DF449297C06E000C3FD5C /* Assets.xcassets */; };
		374DF44D297C06E000C3FD5C /* LaunchScreen.storyboard in Resources */ = {isa = PBXBuildFile; fileRef = 374DF44B297C06E000C3FD5C /* LaunchScreen.storyboard */; };
		374DF458297C06E100C3FD5C /* WorldOfPAYBACKTests.swift in Sources */ = {isa = PBXBuildFile; fileRef = 374DF457297C06E100C3FD5C /* WorldOfPAYBACKTests.swift */; };
		374DF462297C06E100C3FD5C /* WorldOfPAYBACKUITests.swift in Sources */ = {isa = PBXBuildFile; fileRef = 374DF461297C06E100C3FD5C /* WorldOfPAYBACKUITests.swift */; };
		374DF464297C06E100C3FD5C /* WorldOfPAYBACKUITestsLaunchTests.swift in Sources */ = {isa = PBXBuildFile; fileRef = 374DF463297C06E100C3FD5C /* WorldOfPAYBACKUITestsLaunchTests.swift */; };
		374DF51F297C0CAF00C3FD5C /* NetworkModule.framework in Frameworks */ = {isa = PBXBuildFile; fileRef = 374DF51B297C0CAF00C3FD5C /* NetworkModule.framework */; };
		374DF520297C0CAF00C3FD5C /* NetworkModule.framework in Embed Frameworks */ = {isa = PBXBuildFile; fileRef = 374DF51B297C0CAF00C3FD5C /* NetworkModule.framework */; settings = {ATTRIBUTES = (CodeSignOnCopy, RemoveHeadersOnCopy, ); }; };
		374DF521297C0CAF00C3FD5C /* TransactionsWBM.framework in Frameworks */ = {isa = PBXBuildFile; fileRef = 374DF51C297C0CAF00C3FD5C /* TransactionsWBM.framework */; };
		374DF522297C0CAF00C3FD5C /* TransactionsWBM.framework in Embed Frameworks */ = {isa = PBXBuildFile; fileRef = 374DF51C297C0CAF00C3FD5C /* TransactionsWBM.framework */; settings = {ATTRIBUTES = (CodeSignOnCopy, RemoveHeadersOnCopy, ); }; };
		374DF523297C0CAF00C3FD5C /* UIComponentsWB.framework in Frameworks */ = {isa = PBXBuildFile; fileRef = 374DF51D297C0CAF00C3FD5C /* UIComponentsWB.framework */; };
		374DF524297C0CAF00C3FD5C /* UIComponentsWB.framework in Embed Frameworks */ = {isa = PBXBuildFile; fileRef = 374DF51D297C0CAF00C3FD5C /* UIComponentsWB.framework */; settings = {ATTRIBUTES = (CodeSignOnCopy, RemoveHeadersOnCopy, ); }; };
		374DF525297C0CAF00C3FD5C /* Utilities.framework in Frameworks */ = {isa = PBXBuildFile; fileRef = 374DF51E297C0CAF00C3FD5C /* Utilities.framework */; };
		374DF526297C0CAF00C3FD5C /* Utilities.framework in Embed Frameworks */ = {isa = PBXBuildFile; fileRef = 374DF51E297C0CAF00C3FD5C /* Utilities.framework */; settings = {ATTRIBUTES = (CodeSignOnCopy, RemoveHeadersOnCopy, ); }; };
		374DF532297C10E900C3FD5C /* MainCoordinator.swift in Sources */ = {isa = PBXBuildFile; fileRef = 374DF531297C10E900C3FD5C /* MainCoordinator.swift */; };
		374DF53A297C173500C3FD5C /* TransactionsCoordinator.swift in Sources */ = {isa = PBXBuildFile; fileRef = 374DF539297C173500C3FD5C /* TransactionsCoordinator.swift */; };
		374DF53C297C177300C3FD5C /* NavigationCoordinatorProtocol.swift in Sources */ = {isa = PBXBuildFile; fileRef = 374DF53B297C177300C3FD5C /* NavigationCoordinatorProtocol.swift */; };
/* End PBXBuildFile section */

/* Begin PBXContainerItemProxy section */
		374DF454297C06E000C3FD5C /* PBXContainerItemProxy */ = {
			isa = PBXContainerItemProxy;
			containerPortal = 374DF435297C06DF00C3FD5C /* Project object */;
			proxyType = 1;
			remoteGlobalIDString = 374DF43C297C06DF00C3FD5C;
			remoteInfo = WorldOfPAYBACK;
		};
		374DF45E297C06E100C3FD5C /* PBXContainerItemProxy */ = {
			isa = PBXContainerItemProxy;
			containerPortal = 374DF435297C06DF00C3FD5C /* Project object */;
			proxyType = 1;
			remoteGlobalIDString = 374DF43C297C06DF00C3FD5C;
			remoteInfo = WorldOfPAYBACK;
		};
/* End PBXContainerItemProxy section */

/* Begin PBXCopyFilesBuildPhase section */
		374DF527297C0CAF00C3FD5C /* Embed Frameworks */ = {
			isa = PBXCopyFilesBuildPhase;
			buildActionMask = 2147483647;
			dstPath = "";
			dstSubfolderSpec = 10;
			files = (
				374DF522297C0CAF00C3FD5C /* TransactionsWBM.framework in Embed Frameworks */,
				374DF524297C0CAF00C3FD5C /* UIComponentsWB.framework in Embed Frameworks */,
				374DF520297C0CAF00C3FD5C /* NetworkModule.framework in Embed Frameworks */,
				374DF526297C0CAF00C3FD5C /* Utilities.framework in Embed Frameworks */,
			);
			name = "Embed Frameworks";
			runOnlyForDeploymentPostprocessing = 0;
		};
/* End PBXCopyFilesBuildPhase section */

/* Begin PBXFileReference section */
		374DF43D297C06DF00C3FD5C /* WorldOfPAYBACK.app */ = {isa = PBXFileReference; explicitFileType = wrapper.application; includeInIndex = 0; path = WorldOfPAYBACK.app; sourceTree = BUILT_PRODUCTS_DIR; };
		374DF440297C06DF00C3FD5C /* AppDelegate.swift */ = {isa = PBXFileReference; lastKnownFileType = sourcecode.swift; path = AppDelegate.swift; sourceTree = "<group>"; };
		374DF442297C06DF00C3FD5C /* SceneDelegate.swift */ = {isa = PBXFileReference; lastKnownFileType = sourcecode.swift; path = SceneDelegate.swift; sourceTree = "<group>"; };
		374DF444297C06DF00C3FD5C /* ViewController.swift */ = {isa = PBXFileReference; lastKnownFileType = sourcecode.swift; path = ViewController.swift; sourceTree = "<group>"; };
		374DF449297C06E000C3FD5C /* Assets.xcassets */ = {isa = PBXFileReference; lastKnownFileType = folder.assetcatalog; path = Assets.xcassets; sourceTree = "<group>"; };
		374DF44C297C06E000C3FD5C /* Base */ = {isa = PBXFileReference; lastKnownFileType = file.storyboard; name = Base; path = Base.lproj/LaunchScreen.storyboard; sourceTree = "<group>"; };
		374DF44E297C06E000C3FD5C /* Info.plist */ = {isa = PBXFileReference; lastKnownFileType = text.plist.xml; path = Info.plist; sourceTree = "<group>"; };
		374DF453297C06E000C3FD5C /* WorldOfPAYBACKTests.xctest */ = {isa = PBXFileReference; explicitFileType = wrapper.cfbundle; includeInIndex = 0; path = WorldOfPAYBACKTests.xctest; sourceTree = BUILT_PRODUCTS_DIR; };
		374DF457297C06E100C3FD5C /* WorldOfPAYBACKTests.swift */ = {isa = PBXFileReference; lastKnownFileType = sourcecode.swift; path = WorldOfPAYBACKTests.swift; sourceTree = "<group>"; };
		374DF45D297C06E100C3FD5C /* WorldOfPAYBACKUITests.xctest */ = {isa = PBXFileReference; explicitFileType = wrapper.cfbundle; includeInIndex = 0; path = WorldOfPAYBACKUITests.xctest; sourceTree = BUILT_PRODUCTS_DIR; };
		374DF461297C06E100C3FD5C /* WorldOfPAYBACKUITests.swift */ = {isa = PBXFileReference; lastKnownFileType = sourcecode.swift; path = WorldOfPAYBACKUITests.swift; sourceTree = "<group>"; };
		374DF463297C06E100C3FD5C /* WorldOfPAYBACKUITestsLaunchTests.swift */ = {isa = PBXFileReference; lastKnownFileType = sourcecode.swift; path = WorldOfPAYBACKUITestsLaunchTests.swift; sourceTree = "<group>"; };
		374DF51B297C0CAF00C3FD5C /* NetworkModule.framework */ = {isa = PBXFileReference; explicitFileType = wrapper.framework; path = NetworkModule.framework; sourceTree = BUILT_PRODUCTS_DIR; };
		374DF51C297C0CAF00C3FD5C /* TransactionsWBM.framework */ = {isa = PBXFileReference; explicitFileType = wrapper.framework; path = TransactionsWBM.framework; sourceTree = BUILT_PRODUCTS_DIR; };
		374DF51D297C0CAF00C3FD5C /* UIComponentsWB.framework */ = {isa = PBXFileReference; explicitFileType = wrapper.framework; path = UIComponentsWB.framework; sourceTree = BUILT_PRODUCTS_DIR; };
		374DF51E297C0CAF00C3FD5C /* Utilities.framework */ = {isa = PBXFileReference; explicitFileType = wrapper.framework; path = Utilities.framework; sourceTree = BUILT_PRODUCTS_DIR; };
		374DF531297C10E900C3FD5C /* MainCoordinator.swift */ = {isa = PBXFileReference; lastKnownFileType = sourcecode.swift; path = MainCoordinator.swift; sourceTree = "<group>"; };
		374DF539297C173500C3FD5C /* TransactionsCoordinator.swift */ = {isa = PBXFileReference; lastKnownFileType = sourcecode.swift; path = TransactionsCoordinator.swift; sourceTree = "<group>"; };
		374DF53B297C177300C3FD5C /* NavigationCoordinatorProtocol.swift */ = {isa = PBXFileReference; lastKnownFileType = sourcecode.swift; path = NavigationCoordinatorProtocol.swift; sourceTree = "<group>"; };
/* End PBXFileReference section */

/* Begin PBXFrameworksBuildPhase section */
		374DF43A297C06DF00C3FD5C /* Frameworks */ = {
			isa = PBXFrameworksBuildPhase;
			buildActionMask = 2147483647;
			files = (
				374DF521297C0CAF00C3FD5C /* TransactionsWBM.framework in Frameworks */,
				374DF523297C0CAF00C3FD5C /* UIComponentsWB.framework in Frameworks */,
				374DF51F297C0CAF00C3FD5C /* NetworkModule.framework in Frameworks */,
				374DF525297C0CAF00C3FD5C /* Utilities.framework in Frameworks */,
			);
			runOnlyForDeploymentPostprocessing = 0;
		};
		374DF450297C06E000C3FD5C /* Frameworks */ = {
			isa = PBXFrameworksBuildPhase;
			buildActionMask = 2147483647;
			files = (
			);
			runOnlyForDeploymentPostprocessing = 0;
		};
		374DF45A297C06E100C3FD5C /* Frameworks */ = {
			isa = PBXFrameworksBuildPhase;
			buildActionMask = 2147483647;
			files = (
			);
			runOnlyForDeploymentPostprocessing = 0;
		};
/* End PBXFrameworksBuildPhase section */

/* Begin PBXGroup section */
		374DF434297C06DF00C3FD5C = {
			isa = PBXGroup;
			children = (
				374DF43F297C06DF00C3FD5C /* WorldOfPAYBACK */,
				374DF456297C06E100C3FD5C /* WorldOfPAYBACKTests */,
				374DF460297C06E100C3FD5C /* WorldOfPAYBACKUITests */,
				374DF43E297C06DF00C3FD5C /* Products */,
				374DF51A297C0CAF00C3FD5C /* Frameworks */,
			);
			sourceTree = "<group>";
		};
		374DF43E297C06DF00C3FD5C /* Products */ = {
			isa = PBXGroup;
			children = (
				374DF43D297C06DF00C3FD5C /* WorldOfPAYBACK.app */,
				374DF453297C06E000C3FD5C /* WorldOfPAYBACKTests.xctest */,
				374DF45D297C06E100C3FD5C /* WorldOfPAYBACKUITests.xctest */,
			);
			name = Products;
			sourceTree = "<group>";
		};
		374DF43F297C06DF00C3FD5C /* WorldOfPAYBACK */ = {
			isa = PBXGroup;
			children = (
				374DF440297C06DF00C3FD5C /* AppDelegate.swift */,
				374DF442297C06DF00C3FD5C /* SceneDelegate.swift */,
				374DF444297C06DF00C3FD5C /* ViewController.swift */,
				374DF533297C118F00C3FD5C /* Features */,
				374DF449297C06E000C3FD5C /* Assets.xcassets */,
				374DF44B297C06E000C3FD5C /* LaunchScreen.storyboard */,
				374DF44E297C06E000C3FD5C /* Info.plist */,
			);
			path = WorldOfPAYBACK;
			sourceTree = "<group>";
		};
		374DF456297C06E100C3FD5C /* WorldOfPAYBACKTests */ = {
			isa = PBXGroup;
			children = (
				374DF457297C06E100C3FD5C /* WorldOfPAYBACKTests.swift */,
			);
			path = WorldOfPAYBACKTests;
			sourceTree = "<group>";
		};
		374DF460297C06E100C3FD5C /* WorldOfPAYBACKUITests */ = {
			isa = PBXGroup;
			children = (
				374DF461297C06E100C3FD5C /* WorldOfPAYBACKUITests.swift */,
				374DF463297C06E100C3FD5C /* WorldOfPAYBACKUITestsLaunchTests.swift */,
			);
			path = WorldOfPAYBACKUITests;
			sourceTree = "<group>";
		};
		374DF51A297C0CAF00C3FD5C /* Frameworks */ = {
			isa = PBXGroup;
			children = (
				374DF51B297C0CAF00C3FD5C /* NetworkModule.framework */,
				374DF51C297C0CAF00C3FD5C /* TransactionsWBM.framework */,
				374DF51D297C0CAF00C3FD5C /* UIComponentsWB.framework */,
				374DF51E297C0CAF00C3FD5C /* Utilities.framework */,
			);
			name = Frameworks;
			sourceTree = "<group>";
		};
		374DF533297C118F00C3FD5C /* Features */ = {
			isa = PBXGroup;
			children = (
				374DF531297C10E900C3FD5C /* MainCoordinator.swift */,
				374DF53D297C178800C3FD5C /* CommonProtocols */,
				374DF534297C119A00C3FD5C /* Transactions */,
			);
			path = Features;
			sourceTree = "<group>";
		};
		374DF534297C119A00C3FD5C /* Transactions */ = {
			isa = PBXGroup;
			children = (
				374DF539297C173500C3FD5C /* TransactionsCoordinator.swift */,
			);
			path = Transactions;
			sourceTree = "<group>";
		};
		374DF53D297C178800C3FD5C /* CommonProtocols */ = {
			isa = PBXGroup;
			children = (
				374DF53B297C177300C3FD5C /* NavigationCoordinatorProtocol.swift */,
			);
			path = CommonProtocols;
			sourceTree = "<group>";
		};
/* End PBXGroup section */

/* Begin PBXNativeTarget section */
		374DF43C297C06DF00C3FD5C /* WorldOfPAYBACK */ = {
			isa = PBXNativeTarget;
			buildConfigurationList = 374DF467297C06E100C3FD5C /* Build configuration list for PBXNativeTarget "WorldOfPAYBACK" */;
			buildPhases = (
				374DF439297C06DF00C3FD5C /* Sources */,
				374DF43A297C06DF00C3FD5C /* Frameworks */,
				374DF43B297C06DF00C3FD5C /* Resources */,
				374DF527297C0CAF00C3FD5C /* Embed Frameworks */,
			);
			buildRules = (
			);
			dependencies = (
			);
			name = WorldOfPAYBACK;
			productName = WorldOfPAYBACK;
			productReference = 374DF43D297C06DF00C3FD5C /* WorldOfPAYBACK.app */;
			productType = "com.apple.product-type.application";
		};
		374DF452297C06E000C3FD5C /* WorldOfPAYBACKTests */ = {
			isa = PBXNativeTarget;
			buildConfigurationList = 374DF46A297C06E100C3FD5C /* Build configuration list for PBXNativeTarget "WorldOfPAYBACKTests" */;
			buildPhases = (
				374DF44F297C06E000C3FD5C /* Sources */,
				374DF450297C06E000C3FD5C /* Frameworks */,
				374DF451297C06E000C3FD5C /* Resources */,
			);
			buildRules = (
			);
			dependencies = (
				374DF455297C06E000C3FD5C /* PBXTargetDependency */,
			);
			name = WorldOfPAYBACKTests;
			productName = WorldOfPAYBACKTests;
			productReference = 374DF453297C06E000C3FD5C /* WorldOfPAYBACKTests.xctest */;
			productType = "com.apple.product-type.bundle.unit-test";
		};
		374DF45C297C06E100C3FD5C /* WorldOfPAYBACKUITests */ = {
			isa = PBXNativeTarget;
			buildConfigurationList = 374DF46D297C06E100C3FD5C /* Build configuration list for PBXNativeTarget "WorldOfPAYBACKUITests" */;
			buildPhases = (
				374DF459297C06E100C3FD5C /* Sources */,
				374DF45A297C06E100C3FD5C /* Frameworks */,
				374DF45B297C06E100C3FD5C /* Resources */,
			);
			buildRules = (
			);
			dependencies = (
				374DF45F297C06E100C3FD5C /* PBXTargetDependency */,
			);
			name = WorldOfPAYBACKUITests;
			productName = WorldOfPAYBACKUITests;
			productReference = 374DF45D297C06E100C3FD5C /* WorldOfPAYBACKUITests.xctest */;
			productType = "com.apple.product-type.bundle.ui-testing";
		};
/* End PBXNativeTarget section */

/* Begin PBXProject section */
		374DF435297C06DF00C3FD5C /* Project object */ = {
			isa = PBXProject;
			attributes = {
				BuildIndependentTargetsInParallel = 1;
				LastSwiftUpdateCheck = 1410;
				LastUpgradeCheck = 1410;
				TargetAttributes = {
					374DF43C297C06DF00C3FD5C = {
						CreatedOnToolsVersion = 14.1;
					};
					374DF452297C06E000C3FD5C = {
						CreatedOnToolsVersion = 14.1;
						TestTargetID = 374DF43C297C06DF00C3FD5C;
					};
					374DF45C297C06E100C3FD5C = {
						CreatedOnToolsVersion = 14.1;
						TestTargetID = 374DF43C297C06DF00C3FD5C;
					};
				};
			};
			buildConfigurationList = 374DF438297C06DF00C3FD5C /* Build configuration list for PBXProject "WorldOfPAYBACK" */;
			compatibilityVersion = "Xcode 14.0";
			developmentRegion = en;
			hasScannedForEncodings = 0;
			knownRegions = (
				en,
				Base,
			);
			mainGroup = 374DF434297C06DF00C3FD5C;
			productRefGroup = 374DF43E297C06DF00C3FD5C /* Products */;
			projectDirPath = "";
			projectRoot = "";
			targets = (
				374DF43C297C06DF00C3FD5C /* WorldOfPAYBACK */,
				374DF452297C06E000C3FD5C /* WorldOfPAYBACKTests */,
				374DF45C297C06E100C3FD5C /* WorldOfPAYBACKUITests */,
			);
		};
/* End PBXProject section */

/* Begin PBXResourcesBuildPhase section */
		374DF43B297C06DF00C3FD5C /* Resources */ = {
			isa = PBXResourcesBuildPhase;
			buildActionMask = 2147483647;
			files = (
				374DF44D297C06E000C3FD5C /* LaunchScreen.storyboard in Resources */,
				374DF44A297C06E000C3FD5C /* Assets.xcassets in Resources */,
			);
			runOnlyForDeploymentPostprocessing = 0;
		};
		374DF451297C06E000C3FD5C /* Resources */ = {
			isa = PBXResourcesBuildPhase;
			buildActionMask = 2147483647;
			files = (
			);
			runOnlyForDeploymentPostprocessing = 0;
		};
		374DF45B297C06E100C3FD5C /* Resources */ = {
			isa = PBXResourcesBuildPhase;
			buildActionMask = 2147483647;
			files = (
			);
			runOnlyForDeploymentPostprocessing = 0;
		};
/* End PBXResourcesBuildPhase section */

/* Begin PBXSourcesBuildPhase section */
		374DF439297C06DF00C3FD5C /* Sources */ = {
			isa = PBXSourcesBuildPhase;
			buildActionMask = 2147483647;
			files = (
				374DF445297C06DF00C3FD5C /* ViewController.swift in Sources */,
				374DF532297C10E900C3FD5C /* MainCoordinator.swift in Sources */,
				374DF441297C06DF00C3FD5C /* AppDelegate.swift in Sources */,
				374DF53A297C173500C3FD5C /* TransactionsCoordinator.swift in Sources */,
				374DF53C297C177300C3FD5C /* NavigationCoordinatorProtocol.swift in Sources */,
				374DF443297C06DF00C3FD5C /* SceneDelegate.swift in Sources */,
			);
			runOnlyForDeploymentPostprocessing = 0;
		};
		374DF44F297C06E000C3FD5C /* Sources */ = {
			isa = PBXSourcesBuildPhase;
			buildActionMask = 2147483647;
			files = (
				374DF458297C06E100C3FD5C /* WorldOfPAYBACKTests.swift in Sources */,
			);
			runOnlyForDeploymentPostprocessing = 0;
		};
		374DF459297C06E100C3FD5C /* Sources */ = {
			isa = PBXSourcesBuildPhase;
			buildActionMask = 2147483647;
			files = (
				374DF464297C06E100C3FD5C /* WorldOfPAYBACKUITestsLaunchTests.swift in Sources */,
				374DF462297C06E100C3FD5C /* WorldOfPAYBACKUITests.swift in Sources */,
			);
			runOnlyForDeploymentPostprocessing = 0;
		};
/* End PBXSourcesBuildPhase section */

/* Begin PBXTargetDependency section */
		374DF455297C06E000C3FD5C /* PBXTargetDependency */ = {
			isa = PBXTargetDependency;
			target = 374DF43C297C06DF00C3FD5C /* WorldOfPAYBACK */;
			targetProxy = 374DF454297C06E000C3FD5C /* PBXContainerItemProxy */;
		};
		374DF45F297C06E100C3FD5C /* PBXTargetDependency */ = {
			isa = PBXTargetDependency;
			target = 374DF43C297C06DF00C3FD5C /* WorldOfPAYBACK */;
			targetProxy = 374DF45E297C06E100C3FD5C /* PBXContainerItemProxy */;
		};
/* End PBXTargetDependency section */

/* Begin PBXVariantGroup section */
		374DF44B297C06E000C3FD5C /* LaunchScreen.storyboard */ = {
			isa = PBXVariantGroup;
			children = (
				374DF44C297C06E000C3FD5C /* Base */,
			);
			name = LaunchScreen.storyboard;
			sourceTree = "<group>";
		};
/* End PBXVariantGroup section */

/* Begin XCBuildConfiguration section */
		374DF465297C06E100C3FD5C /* Debug */ = {
			isa = XCBuildConfiguration;
			buildSettings = {
				ALWAYS_SEARCH_USER_PATHS = NO;
				CLANG_ANALYZER_NONNULL = YES;
				CLANG_ANALYZER_NUMBER_OBJECT_CONVERSION = YES_AGGRESSIVE;
				CLANG_CXX_LANGUAGE_STANDARD = "gnu++20";
				CLANG_ENABLE_MODULES = YES;
				CLANG_ENABLE_OBJC_ARC = YES;
				CLANG_ENABLE_OBJC_WEAK = YES;
				CLANG_WARN_BLOCK_CAPTURE_AUTORELEASING = YES;
				CLANG_WARN_BOOL_CONVERSION = YES;
				CLANG_WARN_COMMA = YES;
				CLANG_WARN_CONSTANT_CONVERSION = YES;
				CLANG_WARN_DEPRECATED_OBJC_IMPLEMENTATIONS = YES;
				CLANG_WARN_DIRECT_OBJC_ISA_USAGE = YES_ERROR;
				CLANG_WARN_DOCUMENTATION_COMMENTS = YES;
				CLANG_WARN_EMPTY_BODY = YES;
				CLANG_WARN_ENUM_CONVERSION = YES;
				CLANG_WARN_INFINITE_RECURSION = YES;
				CLANG_WARN_INT_CONVERSION = YES;
				CLANG_WARN_NON_LITERAL_NULL_CONVERSION = YES;
				CLANG_WARN_OBJC_IMPLICIT_RETAIN_SELF = YES;
				CLANG_WARN_OBJC_LITERAL_CONVERSION = YES;
				CLANG_WARN_OBJC_ROOT_CLASS = YES_ERROR;
				CLANG_WARN_QUOTED_INCLUDE_IN_FRAMEWORK_HEADER = YES;
				CLANG_WARN_RANGE_LOOP_ANALYSIS = YES;
				CLANG_WARN_STRICT_PROTOTYPES = YES;
				CLANG_WARN_SUSPICIOUS_MOVE = YES;
				CLANG_WARN_UNGUARDED_AVAILABILITY = YES_AGGRESSIVE;
				CLANG_WARN_UNREACHABLE_CODE = YES;
				CLANG_WARN__DUPLICATE_METHOD_MATCH = YES;
				COPY_PHASE_STRIP = NO;
				DEBUG_INFORMATION_FORMAT = dwarf;
				ENABLE_STRICT_OBJC_MSGSEND = YES;
				ENABLE_TESTABILITY = YES;
				GCC_C_LANGUAGE_STANDARD = gnu11;
				GCC_DYNAMIC_NO_PIC = NO;
				GCC_NO_COMMON_BLOCKS = YES;
				GCC_OPTIMIZATION_LEVEL = 0;
				GCC_PREPROCESSOR_DEFINITIONS = (
					"DEBUG=1",
					"$(inherited)",
				);
				GCC_WARN_64_TO_32_BIT_CONVERSION = YES;
				GCC_WARN_ABOUT_RETURN_TYPE = YES_ERROR;
				GCC_WARN_UNDECLARED_SELECTOR = YES;
				GCC_WARN_UNINITIALIZED_AUTOS = YES_AGGRESSIVE;
				GCC_WARN_UNUSED_FUNCTION = YES;
				GCC_WARN_UNUSED_VARIABLE = YES;
				IPHONEOS_DEPLOYMENT_TARGET = 16.1;
				MTL_ENABLE_DEBUG_INFO = INCLUDE_SOURCE;
				MTL_FAST_MATH = YES;
				ONLY_ACTIVE_ARCH = YES;
				SDKROOT = iphoneos;
				SWIFT_ACTIVE_COMPILATION_CONDITIONS = DEBUG;
				SWIFT_OPTIMIZATION_LEVEL = "-Onone";
			};
			name = Debug;
		};
		374DF466297C06E100C3FD5C /* Release */ = {
			isa = XCBuildConfiguration;
			buildSettings = {
				ALWAYS_SEARCH_USER_PATHS = NO;
				CLANG_ANALYZER_NONNULL = YES;
				CLANG_ANALYZER_NUMBER_OBJECT_CONVERSION = YES_AGGRESSIVE;
				CLANG_CXX_LANGUAGE_STANDARD = "gnu++20";
				CLANG_ENABLE_MODULES = YES;
				CLANG_ENABLE_OBJC_ARC = YES;
				CLANG_ENABLE_OBJC_WEAK = YES;
				CLANG_WARN_BLOCK_CAPTURE_AUTORELEASING = YES;
				CLANG_WARN_BOOL_CONVERSION = YES;
				CLANG_WARN_COMMA = YES;
				CLANG_WARN_CONSTANT_CONVERSION = YES;
				CLANG_WARN_DEPRECATED_OBJC_IMPLEMENTATIONS = YES;
				CLANG_WARN_DIRECT_OBJC_ISA_USAGE = YES_ERROR;
				CLANG_WARN_DOCUMENTATION_COMMENTS = YES;
				CLANG_WARN_EMPTY_BODY = YES;
				CLANG_WARN_ENUM_CONVERSION = YES;
				CLANG_WARN_INFINITE_RECURSION = YES;
				CLANG_WARN_INT_CONVERSION = YES;
				CLANG_WARN_NON_LITERAL_NULL_CONVERSION = YES;
				CLANG_WARN_OBJC_IMPLICIT_RETAIN_SELF = YES;
				CLANG_WARN_OBJC_LITERAL_CONVERSION = YES;
				CLANG_WARN_OBJC_ROOT_CLASS = YES_ERROR;
				CLANG_WARN_QUOTED_INCLUDE_IN_FRAMEWORK_HEADER = YES;
				CLANG_WARN_RANGE_LOOP_ANALYSIS = YES;
				CLANG_WARN_STRICT_PROTOTYPES = YES;
				CLANG_WARN_SUSPICIOUS_MOVE = YES;
				CLANG_WARN_UNGUARDED_AVAILABILITY = YES_AGGRESSIVE;
				CLANG_WARN_UNREACHABLE_CODE = YES;
				CLANG_WARN__DUPLICATE_METHOD_MATCH = YES;
				COPY_PHASE_STRIP = NO;
				DEBUG_INFORMATION_FORMAT = "dwarf-with-dsym";
				ENABLE_NS_ASSERTIONS = NO;
				ENABLE_STRICT_OBJC_MSGSEND = YES;
				GCC_C_LANGUAGE_STANDARD = gnu11;
				GCC_NO_COMMON_BLOCKS = YES;
				GCC_WARN_64_TO_32_BIT_CONVERSION = YES;
				GCC_WARN_ABOUT_RETURN_TYPE = YES_ERROR;
				GCC_WARN_UNDECLARED_SELECTOR = YES;
				GCC_WARN_UNINITIALIZED_AUTOS = YES_AGGRESSIVE;
				GCC_WARN_UNUSED_FUNCTION = YES;
				GCC_WARN_UNUSED_VARIABLE = YES;
				IPHONEOS_DEPLOYMENT_TARGET = 16.1;
				MTL_ENABLE_DEBUG_INFO = NO;
				MTL_FAST_MATH = YES;
				SDKROOT = iphoneos;
				SWIFT_COMPILATION_MODE = wholemodule;
				SWIFT_OPTIMIZATION_LEVEL = "-O";
				VALIDATE_PRODUCT = YES;
			};
			name = Release;
		};
		374DF468297C06E100C3FD5C /* Debug */ = {
			isa = XCBuildConfiguration;
			buildSettings = {
				ASSETCATALOG_COMPILER_APPICON_NAME = AppIcon;
				ASSETCATALOG_COMPILER_GLOBAL_ACCENT_COLOR_NAME = AccentColor;
				CODE_SIGN_STYLE = Automatic;
				CURRENT_PROJECT_VERSION = 1;
				DEVELOPMENT_TEAM = DZYJAN2YGZ;
				GENERATE_INFOPLIST_FILE = YES;
				INFOPLIST_FILE = WorldOfPAYBACK/Info.plist;
				INFOPLIST_KEY_UIApplicationSupportsIndirectInputEvents = YES;
				INFOPLIST_KEY_UILaunchStoryboardName = LaunchScreen;
				INFOPLIST_KEY_UIMainStoryboardFile = "";
				INFOPLIST_KEY_UISupportedInterfaceOrientations = UIInterfaceOrientationPortrait;
				INFOPLIST_KEY_UISupportedInterfaceOrientations_iPad = "UIInterfaceOrientationPortrait UIInterfaceOrientationPortraitUpsideDown";
				IPHONEOS_DEPLOYMENT_TARGET = 14.0;
				LD_RUNPATH_SEARCH_PATHS = (
					"$(inherited)",
					"@executable_path/Frameworks",
				);
				MARKETING_VERSION = 1.0;
				PRODUCT_BUNDLE_IDENTIFIER = com.kontrolkatalist.WorldOfPAYBACK;
				PRODUCT_NAME = "$(TARGET_NAME)";
				SUPPORTED_PLATFORMS = "iphoneos iphonesimulator";
				SUPPORTS_MACCATALYST = NO;
				SUPPORTS_MAC_DESIGNED_FOR_IPHONE_IPAD = NO;
				SWIFT_EMIT_LOC_STRINGS = YES;
				SWIFT_VERSION = 5.0;
				TARGETED_DEVICE_FAMILY = "1,2";
			};
			name = Debug;
		};
		374DF469297C06E100C3FD5C /* Release */ = {
			isa = XCBuildConfiguration;
			buildSettings = {
				ASSETCATALOG_COMPILER_APPICON_NAME = AppIcon;
				ASSETCATALOG_COMPILER_GLOBAL_ACCENT_COLOR_NAME = AccentColor;
				CODE_SIGN_STYLE = Automatic;
				CURRENT_PROJECT_VERSION = 1;
				DEVELOPMENT_TEAM = DZYJAN2YGZ;
				GENERATE_INFOPLIST_FILE = YES;
				INFOPLIST_FILE = WorldOfPAYBACK/Info.plist;
				INFOPLIST_KEY_UIApplicationSupportsIndirectInputEvents = YES;
				INFOPLIST_KEY_UILaunchStoryboardName = LaunchScreen;
				INFOPLIST_KEY_UIMainStoryboardFile = "";
				INFOPLIST_KEY_UISupportedInterfaceOrientations = UIInterfaceOrientationPortrait;
				INFOPLIST_KEY_UISupportedInterfaceOrientations_iPad = "UIInterfaceOrientationPortrait UIInterfaceOrientationPortraitUpsideDown";
				IPHONEOS_DEPLOYMENT_TARGET = 14.0;
				LD_RUNPATH_SEARCH_PATHS = (
					"$(inherited)",
					"@executable_path/Frameworks",
				);
				MARKETING_VERSION = 1.0;
				PRODUCT_BUNDLE_IDENTIFIER = com.kontrolkatalist.WorldOfPAYBACK;
				PRODUCT_NAME = "$(TARGET_NAME)";
				SUPPORTED_PLATFORMS = "iphoneos iphonesimulator";
				SUPPORTS_MACCATALYST = NO;
				SUPPORTS_MAC_DESIGNED_FOR_IPHONE_IPAD = NO;
				SWIFT_EMIT_LOC_STRINGS = YES;
				SWIFT_VERSION = 5.0;
				TARGETED_DEVICE_FAMILY = "1,2";
			};
			name = Release;
		};
		374DF46B297C06E100C3FD5C /* Debug */ = {
			isa = XCBuildConfiguration;
			buildSettings = {
				ALWAYS_EMBED_SWIFT_STANDARD_LIBRARIES = YES;
				BUNDLE_LOADER = "$(TEST_HOST)";
				CODE_SIGN_STYLE = Automatic;
				CURRENT_PROJECT_VERSION = 1;
				DEVELOPMENT_TEAM = DZYJAN2YGZ;
				GENERATE_INFOPLIST_FILE = YES;
				IPHONEOS_DEPLOYMENT_TARGET = 16.1;
				MARKETING_VERSION = 1.0;
				PRODUCT_BUNDLE_IDENTIFIER = com.kontrolkatalist.WorldOfPAYBACKTests;
				PRODUCT_NAME = "$(TARGET_NAME)";
				SWIFT_EMIT_LOC_STRINGS = NO;
				SWIFT_VERSION = 5.0;
				TARGETED_DEVICE_FAMILY = "1,2";
				TEST_HOST = "$(BUILT_PRODUCTS_DIR)/WorldOfPAYBACK.app/$(BUNDLE_EXECUTABLE_FOLDER_PATH)/WorldOfPAYBACK";
			};
			name = Debug;
		};
		374DF46C297C06E100C3FD5C /* Release */ = {
			isa = XCBuildConfiguration;
			buildSettings = {
				ALWAYS_EMBED_SWIFT_STANDARD_LIBRARIES = YES;
				BUNDLE_LOADER = "$(TEST_HOST)";
				CODE_SIGN_STYLE = Automatic;
				CURRENT_PROJECT_VERSION = 1;
				DEVELOPMENT_TEAM = DZYJAN2YGZ;
				GENERATE_INFOPLIST_FILE = YES;
				IPHONEOS_DEPLOYMENT_TARGET = 16.1;
				MARKETING_VERSION = 1.0;
				PRODUCT_BUNDLE_IDENTIFIER = com.kontrolkatalist.WorldOfPAYBACKTests;
				PRODUCT_NAME = "$(TARGET_NAME)";
				SWIFT_EMIT_LOC_STRINGS = NO;
				SWIFT_VERSION = 5.0;
				TARGETED_DEVICE_FAMILY = "1,2";
				TEST_HOST = "$(BUILT_PRODUCTS_DIR)/WorldOfPAYBACK.app/$(BUNDLE_EXECUTABLE_FOLDER_PATH)/WorldOfPAYBACK";
			};
			name = Release;
		};
		374DF46E297C06E100C3FD5C /* Debug */ = {
			isa = XCBuildConfiguration;
			buildSettings = {
				ALWAYS_EMBED_SWIFT_STANDARD_LIBRARIES = YES;
				CODE_SIGN_STYLE = Automatic;
				CURRENT_PROJECT_VERSION = 1;
				DEVELOPMENT_TEAM = DZYJAN2YGZ;
				GENERATE_INFOPLIST_FILE = YES;
				MARKETING_VERSION = 1.0;
				PRODUCT_BUNDLE_IDENTIFIER = com.kontrolkatalist.WorldOfPAYBACKUITests;
				PRODUCT_NAME = "$(TARGET_NAME)";
				SWIFT_EMIT_LOC_STRINGS = NO;
				SWIFT_VERSION = 5.0;
				TARGETED_DEVICE_FAMILY = "1,2";
				TEST_TARGET_NAME = WorldOfPAYBACK;
			};
			name = Debug;
		};
		374DF46F297C06E100C3FD5C /* Release */ = {
			isa = XCBuildConfiguration;
			buildSettings = {
				ALWAYS_EMBED_SWIFT_STANDARD_LIBRARIES = YES;
				CODE_SIGN_STYLE = Automatic;
				CURRENT_PROJECT_VERSION = 1;
				DEVELOPMENT_TEAM = DZYJAN2YGZ;
				GENERATE_INFOPLIST_FILE = YES;
				MARKETING_VERSION = 1.0;
				PRODUCT_BUNDLE_IDENTIFIER = com.kontrolkatalist.WorldOfPAYBACKUITests;
				PRODUCT_NAME = "$(TARGET_NAME)";
				SWIFT_EMIT_LOC_STRINGS = NO;
				SWIFT_VERSION = 5.0;
				TARGETED_DEVICE_FAMILY = "1,2";
				TEST_TARGET_NAME = WorldOfPAYBACK;
			};
			name = Release;
		};
/* End XCBuildConfiguration section */

/* Begin XCConfigurationList section */
		374DF438297C06DF00C3FD5C /* Build configuration list for PBXProject "WorldOfPAYBACK" */ = {
			isa = XCConfigurationList;
			buildConfigurations = (
				374DF465297C06E100C3FD5C /* Debug */,
				374DF466297C06E100C3FD5C /* Release */,
			);
			defaultConfigurationIsVisible = 0;
			defaultConfigurationName = Release;
		};
		374DF467297C06E100C3FD5C /* Build configuration list for PBXNativeTarget "WorldOfPAYBACK" */ = {
			isa = XCConfigurationList;
			buildConfigurations = (
				374DF468297C06E100C3FD5C /* Debug */,
				374DF469297C06E100C3FD5C /* Release */,
			);
			defaultConfigurationIsVisible = 0;
			defaultConfigurationName = Release;
		};
		374DF46A297C06E100C3FD5C /* Build configuration list for PBXNativeTarget "WorldOfPAYBACKTests" */ = {
			isa = XCConfigurationList;
			buildConfigurations = (
				374DF46B297C06E100C3FD5C /* Debug */,
				374DF46C297C06E100C3FD5C /* Release */,
			);
			defaultConfigurationIsVisible = 0;
			defaultConfigurationName = Release;
		};
		374DF46D297C06E100C3FD5C /* Build configuration list for PBXNativeTarget "WorldOfPAYBACKUITests" */ = {
			isa = XCConfigurationList;
			buildConfigurations = (
				374DF46E297C06E100C3FD5C /* Debug */,
				374DF46F297C06E100C3FD5C /* Release */,
			);
			defaultConfigurationIsVisible = 0;
			defaultConfigurationName = Release;
		};
/* End XCConfigurationList section */
	};
	rootObject = 374DF435297C06DF00C3FD5C /* Project object */;
}
